{
    "_meta": {
        "hash": {
            "sha256": "8b8f9be233804a8698846c68711e276bd716792eb214fda4947d95e932ecfa48"
        },
        "pipfile-spec": 6,
        "requires": {
            "python_version": "3.6"
        },
        "sources": [
            {
                "name": "pypi",
                "url": "https://pypi.org/simple",
                "verify_ssl": true
            }
        ]
    },
    "default": {},
    "develop": {}
}
